
Microsoft Visual Studio Solution File, Format Version 12.00
# Visual Studio 15
VisualStudioVersion = 15.0.26430.16
MinimumVisualStudioVersion = 10.0.40219.1
Project("{FAE04EC0-301F-11D3-BF4B-00C04F79EFBC}") = "UpdateVersion", "UpdateVersion\UpdateVersion.csproj", "{A94981D6-4BCB-4C58-AA4C-7EE1C02EB7E1}"
EndProject
Project("{FAE04EC0-301F-11D3-BF4B-00C04F79EFBC}") = "Build.Deploy.Util", "Build.Deploy.Util\Build.Deploy.Util.csproj", "{F39BE0C3-4673-4CB0-ADC6-7ABC6C6189AF}"
EndProject
Global
	GlobalSection(SolutionConfigurationPlatforms) = preSolution
		Debug|Any CPU = Debug|Any CPU
		Release|Any CPU = Release|Any CPU
	EndGlobalSection
	GlobalSection(ProjectConfigurationPlatforms) = postSolution
		{A94981D6-4BCB-4C58-AA4C-7EE1C02EB7E1}.Debug|Any CPU.ActiveCfg = Debug|Any CPU
		{A94981D6-4BCB-4C58-AA4C-7EE1C02EB7E1}.Debug|Any CPU.Build.0 = Debug|Any CPU
		{A94981D6-4BCB-4C58-AA4C-7EE1C02EB7E1}.Release|Any CPU.ActiveCfg = Release|Any CPU
		{A94981D6-4BCB-4C58-AA4C-7EE1C02EB7E1}.Release|Any CPU.Build.0 = Release|Any CPU
		{F39BE0C3-4673-4CB0-ADC6-7ABC6C6189AF}.Debug|Any CPU.ActiveCfg = Debug|Any CPU
		{F39BE0C3-4673-4CB0-ADC6-7ABC6C6189AF}.Debug|Any CPU.Build.0 = Debug|Any CPU
		{F39BE0C3-4673-4CB0-ADC6-7ABC6C6189AF}.Release|Any CPU.ActiveCfg = Release|Any CPU
		{F39BE0C3-4673-4CB0-ADC6-7ABC6C6189AF}.Release|Any CPU.Build.0 = Release|Any CPU
	EndGlobalSection
	GlobalSection(SolutionProperties) = preSolution
		HideSolutionNode = FALSE
	EndGlobalSection
EndGlobal
